
Microsoft Visual Studio Solution File, Format Version 12.00
# Visual Studio Version 17
VisualStudioVersion = 17.6.33829.357
MinimumVisualStudioVersion = 10.0.40219.1
Project("{FAE04EC0-301F-11D3-BF4B-00C04F79EFBC}") = "projectmultilingual", "projectmultilingual.csproj", "{C7FB6E8A-ACD1-47DC-BEBD-A2ACDABE6B8D}"
EndProject
Global
	GlobalSection(SolutionConfigurationPlatforms) = preSolution
		Debug|Any CPU = Debug|Any CPU
		Release|Any CPU = Release|Any CPU
	EndGlobalSection
	GlobalSection(ProjectConfigurationPlatforms) = postSolution
		{C7FB6E8A-ACD1-47DC-BEBD-A2ACDABE6B8D}.Debug|Any CPU.ActiveCfg = Debug|Any CPU
		{C7FB6E8A-ACD1-47DC-BEBD-A2ACDABE6B8D}.Debug|Any CPU.Build.0 = Debug|Any CPU
		{C7FB6E8A-ACD1-47DC-BEBD-A2ACDABE6B8D}.Release|Any CPU.ActiveCfg = Release|Any CPU
		{C7FB6E8A-ACD1-47DC-BEBD-A2ACDABE6B8D}.Release|Any CPU.Build.0 = Release|Any CPU
	EndGlobalSection
	GlobalSection(SolutionProperties) = preSolution
		HideSolutionNode = FALSE
	EndGlobalSection
	GlobalSection(ExtensibilityGlobals) = postSolution
		SolutionGuid = {08053C64-1FD1-48EC-B68E-A87B59215314}
	EndGlobalSection
EndGlobal
