
Microsoft Visual Studio Solution File, Format Version 12.00
# Visual Studio Version 17
VisualStudioVersion = 17.6.33829.357
MinimumVisualStudioVersion = 10.0.40219.1
Project("{FAE04EC0-301F-11D3-BF4B-00C04F79EFBC}") = "projectfiledirectory", "projectfiledirectory.csproj", "{311B931D-5D80-4B9B-8799-2AD73FDCAC56}"
EndProject
Global
	GlobalSection(SolutionConfigurationPlatforms) = preSolution
		Debug|Any CPU = Debug|Any CPU
		Release|Any CPU = Release|Any CPU
	EndGlobalSection
	GlobalSection(ProjectConfigurationPlatforms) = postSolution
		{311B931D-5D80-4B9B-8799-2AD73FDCAC56}.Debug|Any CPU.ActiveCfg = Debug|Any CPU
		{311B931D-5D80-4B9B-8799-2AD73FDCAC56}.Debug|Any CPU.Build.0 = Debug|Any CPU
		{311B931D-5D80-4B9B-8799-2AD73FDCAC56}.Release|Any CPU.ActiveCfg = Release|Any CPU
		{311B931D-5D80-4B9B-8799-2AD73FDCAC56}.Release|Any CPU.Build.0 = Release|Any CPU
	EndGlobalSection
	GlobalSection(SolutionProperties) = preSolution
		HideSolutionNode = FALSE
	EndGlobalSection
	GlobalSection(ExtensibilityGlobals) = postSolution
		SolutionGuid = {94FB85E6-EDB0-489C-A32F-317829CBBF87}
	EndGlobalSection
EndGlobal
